
Microsoft Visual Studio Solution File, Format Version 12.00
# Visual Studio Version 17
VisualStudioVersion = 17.14.36408.4 d17.14
MinimumVisualStudioVersion = 10.0.40219.1
Project("{FAE04EC0-301F-11D3-BF4B-00C04F79EFBC}") = "DELTATEST", "DELTATEST\DELTATEST.csproj", "{AF332F88-15B6-4A0F-A9B9-8F424C26F9A7}"
EndProject
Global
	GlobalSection(SolutionConfigurationPlatforms) = preSolution
		Debug|Any CPU = Debug|Any CPU
		Release|Any CPU = Release|Any CPU
	EndGlobalSection
	GlobalSection(ProjectConfigurationPlatforms) = postSolution
		{AF332F88-15B6-4A0F-A9B9-8F424C26F9A7}.Debug|Any CPU.ActiveCfg = Debug|Any CPU
		{AF332F88-15B6-4A0F-A9B9-8F424C26F9A7}.Debug|Any CPU.Build.0 = Debug|Any CPU
		{AF332F88-15B6-4A0F-A9B9-8F424C26F9A7}.Release|Any CPU.ActiveCfg = Release|Any CPU
		{AF332F88-15B6-4A0F-A9B9-8F424C26F9A7}.Release|Any CPU.Build.0 = Release|Any CPU
	EndGlobalSection
	GlobalSection(SolutionProperties) = preSolution
		HideSolutionNode = FALSE
	EndGlobalSection
	GlobalSection(ExtensibilityGlobals) = postSolution
		SolutionGuid = {57F060EF-255D-4282-B576-4524A53BB6EE}
	EndGlobalSection
EndGlobal
